%{
  "cowboy": {:hex, :cowboy, "2.6.1", "f2e06f757c337b3b311f9437e6e072b678fcd71545a7b2865bdaa154d078593f", [:rebar3], [{:cowlib, "~> 2.7.0", [hex: :cowlib, repo: "hexpm", optional: false]}, {:ranch, "~> 1.7.1", [hex: :ranch, repo: "hexpm", optional: false]}], "hexpm"},
  "cowlib": {:hex, :cowlib, "2.7.0", "3ef16e77562f9855a2605900cedb15c1462d76fb1be6a32fc3ae91973ee543d2", [:rebar3], [], "hexpm"},
  "distillery": {:hex, :distillery, "1.5.5", "c6132d5c0152bdce6850fb6c942d58f1971b169b6965d908dc4e8767cfa51a95", [:mix], [], "hexpm"},
  "elixir_make": {:hex, :elixir_make, "0.4.2", "332c649d08c18bc1ecc73b1befc68c647136de4f340b548844efc796405743bf", [:mix], [], "hexpm"},
  "eljiffy": {:hex, :eljiffy, "1.1.0", "cc6e395ef72dd0a488beba1bad73adfa28273d982276bac6137a20fb63cb705f", [:mix], [{:jiffy, "~> 0.15.0", [hex: :jiffy, repo: "hexpm", optional: false]}], "hexpm"},
  "exprintf": {:hex, :exprintf, "0.2.1", "b7e895dfb00520cfb7fc1671303b63b37dc3897c59be7cbf1ae62f766a8a0314", [:mix], [], "hexpm"},
  "exprof": {:hex, :exprof, "0.2.3", "8d4d657d73fc0c9ef1e30b2f9207b26ccbd2aec2baf1ca43f0b6d244c841c9f8", [:mix], [{:exprintf, "~> 0.2", [hex: :exprintf, repo: "hexpm", optional: false]}], "hexpm"},
  "flow": {:hex, :flow, "0.14.3", "0d92991fe53035894d24aa8dec10dcfccf0ae00c4ed436ace3efa9813a646902", [:mix], [{:gen_stage, "~> 0.14.0", [hex: :gen_stage, repo: "hexpm", optional: false]}], "hexpm"},
  "gen_stage": {:hex, :gen_stage, "0.14.1", "9d46723fda072d4f4bb31a102560013f7960f5d80ea44dcb96fd6304ed61e7a4", [:mix], [], "hexpm"},
  "jiffy": {:hex, :jiffy, "0.15.2", "de266c390111fd4ea28b9302f0bc3d7472468f3b8e0aceabfbefa26d08cd73b7", [:rebar3], [], "hexpm"},
  "poison": {:hex, :poison, "2.2.0", "4763b69a8a77bd77d26f477d196428b741261a761257ff1cf92753a0d4d24a63", [:mix], [], "hexpm"},
  "qlc": {:hex, :qlc, "1.0.5", "4ebab828df30fa9c18cbb17842b2371e041e648049ebbe813780e522af4a39b4", [:mix], [], "hexpm"},
  "ranch": {:hex, :ranch, "1.7.1", "6b1fab51b49196860b733a49c07604465a47bdb78aa10c1c16a3d199f7f8c881", [:rebar3], [], "hexpm"},
  "retrieval": {:git, "https://github.com/UA3MQJ/retrieval.git", "dde693ad3c05b89901f32aaa71c7907509f275ea", []},
}
